
Microsoft Visual Studio Solution File, Format Version 12.00
# Visual Studio Version 17
VisualStudioVersion = 17.4.33205.214
MinimumVisualStudioVersion = 10.0.40219.1
Project("{FAE04EC0-301F-11D3-BF4B-00C04F79EFBC}") = "Task2", "Task2\Task2.csproj", "{C965F813-8EFD-4300-9614-F798DC1A928C}"
EndProject
Global
	GlobalSection(SolutionConfigurationPlatforms) = preSolution
		Debug|Any CPU = Debug|Any CPU
		Release|Any CPU = Release|Any CPU
	EndGlobalSection
	GlobalSection(ProjectConfigurationPlatforms) = postSolution
		{C965F813-8EFD-4300-9614-F798DC1A928C}.Debug|Any CPU.ActiveCfg = Debug|Any CPU
		{C965F813-8EFD-4300-9614-F798DC1A928C}.Debug|Any CPU.Build.0 = Debug|Any CPU
		{C965F813-8EFD-4300-9614-F798DC1A928C}.Release|Any CPU.ActiveCfg = Release|Any CPU
		{C965F813-8EFD-4300-9614-F798DC1A928C}.Release|Any CPU.Build.0 = Release|Any CPU
	EndGlobalSection
	GlobalSection(SolutionProperties) = preSolution
		HideSolutionNode = FALSE
	EndGlobalSection
	GlobalSection(ExtensibilityGlobals) = postSolution
		SolutionGuid = {6858AE63-AF7F-46A7-9116-EEE6D721AEE0}
	EndGlobalSection
EndGlobal
